
Microsoft Visual Studio Solution File, Format Version 12.00
# Visual Studio 15
VisualStudioVersion = 15.0.27428.2002
MinimumVisualStudioVersion = 10.0.40219.1
Project("{FAE04EC0-301F-11D3-BF4B-00C04F79EFBC}") = "borrow books", "borrow books\borrow books.csproj", "{71C88A65-7423-4B4D-82A4-FFC6BBFDFFCE}"
EndProject
Global
	GlobalSection(SolutionConfigurationPlatforms) = preSolution
		Debug|Any CPU = Debug|Any CPU
		Release|Any CPU = Release|Any CPU
	EndGlobalSection
	GlobalSection(ProjectConfigurationPlatforms) = postSolution
		{71C88A65-7423-4B4D-82A4-FFC6BBFDFFCE}.Debug|Any CPU.ActiveCfg = Debug|Any CPU
		{71C88A65-7423-4B4D-82A4-FFC6BBFDFFCE}.Debug|Any CPU.Build.0 = Debug|Any CPU
		{71C88A65-7423-4B4D-82A4-FFC6BBFDFFCE}.Release|Any CPU.ActiveCfg = Release|Any CPU
		{71C88A65-7423-4B4D-82A4-FFC6BBFDFFCE}.Release|Any CPU.Build.0 = Release|Any CPU
	EndGlobalSection
	GlobalSection(SolutionProperties) = preSolution
		HideSolutionNode = FALSE
	EndGlobalSection
	GlobalSection(ExtensibilityGlobals) = postSolution
		SolutionGuid = {D2158B0C-FBD6-403D-B44E-EB24A4A432A9}
	EndGlobalSection
EndGlobal
